
Microsoft Visual Studio Solution File, Format Version 12.00
# Visual Studio Version 17
VisualStudioVersion = 17.13.35828.75
MinimumVisualStudioVersion = 10.0.40219.1
Project("{FAE04EC0-301F-11D3-BF4B-00C04F79EFBC}") = "ToyRobotSimulator", "ToyRobotSimulator\ToyRobotSimulator.csproj", "{21EA7111-667E-4E6D-AB85-6D0FB5365DE9}"
EndProject
Project("{FAE04EC0-301F-11D3-BF4B-00C04F79EFBC}") = "ToyRobotSimulator.Tests", "ToyRobotSimulator.Tests\ToyRobotSimulator.Tests.csproj", "{92A61612-640B-412F-B7F6-6B74C628ECC4}"
EndProject
Global
	GlobalSection(SolutionConfigurationPlatforms) = preSolution
		Debug|Any CPU = Debug|Any CPU
		Release|Any CPU = Release|Any CPU
	EndGlobalSection
	GlobalSection(ProjectConfigurationPlatforms) = postSolution
		{21EA7111-667E-4E6D-AB85-6D0FB5365DE9}.Debug|Any CPU.ActiveCfg = Debug|Any CPU
		{21EA7111-667E-4E6D-AB85-6D0FB5365DE9}.Debug|Any CPU.Build.0 = Debug|Any CPU
		{21EA7111-667E-4E6D-AB85-6D0FB5365DE9}.Release|Any CPU.ActiveCfg = Release|Any CPU
		{21EA7111-667E-4E6D-AB85-6D0FB5365DE9}.Release|Any CPU.Build.0 = Release|Any CPU
		{92A61612-640B-412F-B7F6-6B74C628ECC4}.Debug|Any CPU.ActiveCfg = Debug|Any CPU
		{92A61612-640B-412F-B7F6-6B74C628ECC4}.Debug|Any CPU.Build.0 = Debug|Any CPU
		{92A61612-640B-412F-B7F6-6B74C628ECC4}.Release|Any CPU.ActiveCfg = Release|Any CPU
		{92A61612-640B-412F-B7F6-6B74C628ECC4}.Release|Any CPU.Build.0 = Release|Any CPU
	EndGlobalSection
	GlobalSection(SolutionProperties) = preSolution
		HideSolutionNode = FALSE
	EndGlobalSection
	GlobalSection(ExtensibilityGlobals) = postSolution
		SolutionGuid = {409FFE25-67C0-4EF0-9E0C-233EB0430268}
	EndGlobalSection
EndGlobal
